
Microsoft Visual Studio Solution File, Format Version 12.00
# Visual Studio Version 16
VisualStudioVersion = 16.0.30011.22
MinimumVisualStudioVersion = 10.0.40219.1
Project("{FAE04EC0-301F-11D3-BF4B-00C04F79EFBC}") = "ReverseArrayExercise", "ReverseArrayExercise\ReverseArrayExercise.csproj", "{E3D43879-39EA-40B1-A241-CCEB71320263}"
EndProject
Global
	GlobalSection(SolutionConfigurationPlatforms) = preSolution
		Debug|Any CPU = Debug|Any CPU
		Release|Any CPU = Release|Any CPU
	EndGlobalSection
	GlobalSection(ProjectConfigurationPlatforms) = postSolution
		{E3D43879-39EA-40B1-A241-CCEB71320263}.Debug|Any CPU.ActiveCfg = Debug|Any CPU
		{E3D43879-39EA-40B1-A241-CCEB71320263}.Debug|Any CPU.Build.0 = Debug|Any CPU
		{E3D43879-39EA-40B1-A241-CCEB71320263}.Release|Any CPU.ActiveCfg = Release|Any CPU
		{E3D43879-39EA-40B1-A241-CCEB71320263}.Release|Any CPU.Build.0 = Release|Any CPU
	EndGlobalSection
	GlobalSection(SolutionProperties) = preSolution
		HideSolutionNode = FALSE
	EndGlobalSection
	GlobalSection(ExtensibilityGlobals) = postSolution
		SolutionGuid = {909B2FB7-8507-425C-A837-775A6E1D8060}
	EndGlobalSection
EndGlobal
